
Microsoft Visual Studio Solution File, Format Version 12.00
# Visual Studio Version 17
VisualStudioVersion = 17.11.35303.130
MinimumVisualStudioVersion = 10.0.40219.1
Project("{9A19103F-16F7-4668-BE54-9A1E7A4F7556}") = "TextEncryptor", "TextEncryptor\TextEncryptor.csproj", "{ECCA36F5-CB6C-4AA6-89DC-098D3C543938}"
EndProject
Project("{FAE04EC0-301F-11D3-BF4B-00C04F79EFBC}") = "CaesarCipher", "CaesarCipher\CaesarCipher.csproj", "{11F3FA6E-AED7-488B-A43D-B581C2F07509}"
EndProject
Global
	GlobalSection(SolutionConfigurationPlatforms) = preSolution
		Debug|Any CPU = Debug|Any CPU
		Release|Any CPU = Release|Any CPU
	EndGlobalSection
	GlobalSection(ProjectConfigurationPlatforms) = postSolution
		{ECCA36F5-CB6C-4AA6-89DC-098D3C543938}.Debug|Any CPU.ActiveCfg = Debug|Any CPU
		{ECCA36F5-CB6C-4AA6-89DC-098D3C543938}.Debug|Any CPU.Build.0 = Debug|Any CPU
		{ECCA36F5-CB6C-4AA6-89DC-098D3C543938}.Release|Any CPU.ActiveCfg = Release|Any CPU
		{ECCA36F5-CB6C-4AA6-89DC-098D3C543938}.Release|Any CPU.Build.0 = Release|Any CPU
		{11F3FA6E-AED7-488B-A43D-B581C2F07509}.Debug|Any CPU.ActiveCfg = Debug|Any CPU
		{11F3FA6E-AED7-488B-A43D-B581C2F07509}.Debug|Any CPU.Build.0 = Debug|Any CPU
		{11F3FA6E-AED7-488B-A43D-B581C2F07509}.Release|Any CPU.ActiveCfg = Release|Any CPU
		{11F3FA6E-AED7-488B-A43D-B581C2F07509}.Release|Any CPU.Build.0 = Release|Any CPU
	EndGlobalSection
	GlobalSection(SolutionProperties) = preSolution
		HideSolutionNode = FALSE
	EndGlobalSection
	GlobalSection(ExtensibilityGlobals) = postSolution
		SolutionGuid = {605A0D5C-67DA-46E5-86A8-9F18F86F2396}
	EndGlobalSection
EndGlobal
